
Microsoft Visual Studio Solution File, Format Version 12.00
# Visual Studio Version 17
VisualStudioVersion = 17.2.32526.322
MinimumVisualStudioVersion = 10.0.40219.1
Project("{9A19103F-16F7-4668-BE54-9A1E7A4F7556}") = "Maze.Game", "Maze.Game\Maze.Game.csproj", "{65674152-1840-480B-89CE-9FAE6BCBF535}"
EndProject
Project("{9A19103F-16F7-4668-BE54-9A1E7A4F7556}") = "Maze.Game.Common", "Maze.Game.Common\Maze.Game.Common.csproj", "{ADF73CB3-70F8-43A1-925F-D8BB5E8B90E2}"
EndProject
Project("{9A19103F-16F7-4668-BE54-9A1E7A4F7556}") = "Maze.Game.Tests", "Maze.Game.Tests\Maze.Game.Tests.csproj", "{307ED7F4-ADDC-4577-9C46-5F9E80CF79FA}"
EndProject
Global
	GlobalSection(SolutionConfigurationPlatforms) = preSolution
		Debug|Any CPU = Debug|Any CPU
		Release|Any CPU = Release|Any CPU
	EndGlobalSection
	GlobalSection(ProjectConfigurationPlatforms) = postSolution
		{65674152-1840-480B-89CE-9FAE6BCBF535}.Debug|Any CPU.ActiveCfg = Debug|Any CPU
		{65674152-1840-480B-89CE-9FAE6BCBF535}.Debug|Any CPU.Build.0 = Debug|Any CPU
		{65674152-1840-480B-89CE-9FAE6BCBF535}.Release|Any CPU.ActiveCfg = Release|Any CPU
		{65674152-1840-480B-89CE-9FAE6BCBF535}.Release|Any CPU.Build.0 = Release|Any CPU
		{ADF73CB3-70F8-43A1-925F-D8BB5E8B90E2}.Debug|Any CPU.ActiveCfg = Debug|Any CPU
		{ADF73CB3-70F8-43A1-925F-D8BB5E8B90E2}.Debug|Any CPU.Build.0 = Debug|Any CPU
		{ADF73CB3-70F8-43A1-925F-D8BB5E8B90E2}.Release|Any CPU.ActiveCfg = Release|Any CPU
		{ADF73CB3-70F8-43A1-925F-D8BB5E8B90E2}.Release|Any CPU.Build.0 = Release|Any CPU
		{307ED7F4-ADDC-4577-9C46-5F9E80CF79FA}.Debug|Any CPU.ActiveCfg = Debug|Any CPU
		{307ED7F4-ADDC-4577-9C46-5F9E80CF79FA}.Debug|Any CPU.Build.0 = Debug|Any CPU
		{307ED7F4-ADDC-4577-9C46-5F9E80CF79FA}.Release|Any CPU.ActiveCfg = Release|Any CPU
		{307ED7F4-ADDC-4577-9C46-5F9E80CF79FA}.Release|Any CPU.Build.0 = Release|Any CPU
	EndGlobalSection
	GlobalSection(SolutionProperties) = preSolution
		HideSolutionNode = FALSE
	EndGlobalSection
	GlobalSection(ExtensibilityGlobals) = postSolution
		SolutionGuid = {F32D0FEC-9891-4B49-87E6-0EF47912501D}
	EndGlobalSection
EndGlobal
